
Microsoft Visual Studio Solution File, Format Version 12.00
# Visual Studio Version 17
VisualStudioVersion = 17.11.35222.181
MinimumVisualStudioVersion = 10.0.40219.1
Project("{2150E333-8FDC-42A3-9474-1A3956D46DE8}") = "Course", "Course", "{B5C02C3A-0CB3-42B3-9CAA-A0C202C04BCA}"
EndProject
Project("{2150E333-8FDC-42A3-9474-1A3956D46DE8}") = "Form", "Form", "{9626DB42-5EB3-441A-9A45-9081B5808347}"
EndProject
Project("{9A19103F-16F7-4668-BE54-9A1E7A4F7556}") = "EmployeeLab", "EmployeeLab\EmployeeLab.csproj", "{A7E2F55D-9440-4E63-969F-FC8BB77C1892}"
EndProject
Project("{9A19103F-16F7-4668-BE54-9A1E7A4F7556}") = "MyDateApp", "MyDateApp\MyDateApp.csproj", "{5B023140-91BA-46E6-9A84-AE852CE22C0A}"
EndProject
Project("{9A19103F-16F7-4668-BE54-9A1E7A4F7556}") = "自訂員工類別", "自訂員工類別\自訂員工類別.csproj", "{5C9412C9-C45C-4E91-9F00-BDF6D2CCAB74}"
EndProject
Project("{2150E333-8FDC-42A3-9474-1A3956D46DE8}") = "Exercise", "Exercise", "{1B5FEBC3-31D7-4AD5-914B-4B13750E3AC4}"
EndProject
Project("{2150E333-8FDC-42A3-9474-1A3956D46DE8}") = "ISTA Exercise", "ISTA Exercise", "{467329CD-2313-4F12-9671-52EF0E9C1064}"
EndProject
Project("{9A19103F-16F7-4668-BE54-9A1E7A4F7556}") = "阿拉伯數字 轉 中文數字", "阿拉伯數字 轉 中文數字\阿拉伯數字 轉 中文數字.csproj", "{2B28ED8F-4D58-4A63-8D7F-2DDA5F55565E}"
EndProject
Project("{9A19103F-16F7-4668-BE54-9A1E7A4F7556}") = "矩陣數字顯示", "矩陣數字顯示\矩陣數字顯示.csproj", "{F3007844-CF72-4849-A249-09A6045FB72F}"
EndProject
Project("{9A19103F-16F7-4668-BE54-9A1E7A4F7556}") = "PointsApp", "PointsApp\PointsApp.csproj", "{18DAC155-21B3-44B9-8A5E-D997EA1DA81B}"
EndProject
Project("{9A19103F-16F7-4668-BE54-9A1E7A4F7556}") = "判斷三角形", "判斷三角形\判斷三角形.csproj", "{968D0EC5-8699-4FA1-83D6-4F56EA5623CA}"
EndProject
Project("{9A19103F-16F7-4668-BE54-9A1E7A4F7556}") = "找出區間內的閏年", "找出區間內的閏年\找出區間內的閏年.csproj", "{78EEAEA8-C2A8-4EE1-AAFE-23BFC26AC2DA}"
EndProject
Project("{9A19103F-16F7-4668-BE54-9A1E7A4F7556}") = "特伍拉汽車工廠", "特伍拉汽車工廠\特伍拉汽車工廠.csproj", "{A4D307FC-19D4-4F53-A904-8F50108FFEEF}"
EndProject
Project("{9A19103F-16F7-4668-BE54-9A1E7A4F7556}") = "猜數字遊戲", "猜數字遊戲\猜數字遊戲.csproj", "{77F6D000-DC1A-4A96-A50F-AA7593ED3790}"
EndProject
Project("{9A19103F-16F7-4668-BE54-9A1E7A4F7556}") = "判斷完美數", "判斷完美數\判斷完美數.csproj", "{86C25F0D-1970-401E-89F0-FC344AE6B4C3}"
EndProject
Project("{2150E333-8FDC-42A3-9474-1A3956D46DE8}") = "Console", "Console", "{48944DFC-FAEB-4690-B7C2-5E8296F20837}"
EndProject
Project("{2150E333-8FDC-42A3-9474-1A3956D46DE8}") = "Console", "Console", "{9EA7359F-94F9-4FEF-B446-835E5C9CE164}"
EndProject
Project("{2150E333-8FDC-42A3-9474-1A3956D46DE8}") = "Form", "Form", "{6C224901-1A43-4474-893C-EB8954B66A49}"
EndProject
Global
	GlobalSection(SolutionConfigurationPlatforms) = preSolution
		Debug|Any CPU = Debug|Any CPU
		Release|Any CPU = Release|Any CPU
	EndGlobalSection
	GlobalSection(ProjectConfigurationPlatforms) = postSolution
		{A7E2F55D-9440-4E63-969F-FC8BB77C1892}.Debug|Any CPU.ActiveCfg = Debug|Any CPU
		{A7E2F55D-9440-4E63-969F-FC8BB77C1892}.Debug|Any CPU.Build.0 = Debug|Any CPU
		{A7E2F55D-9440-4E63-969F-FC8BB77C1892}.Release|Any CPU.ActiveCfg = Release|Any CPU
		{A7E2F55D-9440-4E63-969F-FC8BB77C1892}.Release|Any CPU.Build.0 = Release|Any CPU
		{5B023140-91BA-46E6-9A84-AE852CE22C0A}.Debug|Any CPU.ActiveCfg = Debug|Any CPU
		{5B023140-91BA-46E6-9A84-AE852CE22C0A}.Debug|Any CPU.Build.0 = Debug|Any CPU
		{5B023140-91BA-46E6-9A84-AE852CE22C0A}.Release|Any CPU.ActiveCfg = Release|Any CPU
		{5B023140-91BA-46E6-9A84-AE852CE22C0A}.Release|Any CPU.Build.0 = Release|Any CPU
		{5C9412C9-C45C-4E91-9F00-BDF6D2CCAB74}.Debug|Any CPU.ActiveCfg = Debug|Any CPU
		{5C9412C9-C45C-4E91-9F00-BDF6D2CCAB74}.Debug|Any CPU.Build.0 = Debug|Any CPU
		{5C9412C9-C45C-4E91-9F00-BDF6D2CCAB74}.Release|Any CPU.ActiveCfg = Release|Any CPU
		{5C9412C9-C45C-4E91-9F00-BDF6D2CCAB74}.Release|Any CPU.Build.0 = Release|Any CPU
		{2B28ED8F-4D58-4A63-8D7F-2DDA5F55565E}.Debug|Any CPU.ActiveCfg = Debug|Any CPU
		{2B28ED8F-4D58-4A63-8D7F-2DDA5F55565E}.Debug|Any CPU.Build.0 = Debug|Any CPU
		{2B28ED8F-4D58-4A63-8D7F-2DDA5F55565E}.Release|Any CPU.ActiveCfg = Release|Any CPU
		{2B28ED8F-4D58-4A63-8D7F-2DDA5F55565E}.Release|Any CPU.Build.0 = Release|Any CPU
		{F3007844-CF72-4849-A249-09A6045FB72F}.Debug|Any CPU.ActiveCfg = Debug|Any CPU
		{F3007844-CF72-4849-A249-09A6045FB72F}.Debug|Any CPU.Build.0 = Debug|Any CPU
		{F3007844-CF72-4849-A249-09A6045FB72F}.Release|Any CPU.ActiveCfg = Release|Any CPU
		{F3007844-CF72-4849-A249-09A6045FB72F}.Release|Any CPU.Build.0 = Release|Any CPU
		{18DAC155-21B3-44B9-8A5E-D997EA1DA81B}.Debug|Any CPU.ActiveCfg = Debug|Any CPU
		{18DAC155-21B3-44B9-8A5E-D997EA1DA81B}.Debug|Any CPU.Build.0 = Debug|Any CPU
		{18DAC155-21B3-44B9-8A5E-D997EA1DA81B}.Release|Any CPU.ActiveCfg = Release|Any CPU
		{18DAC155-21B3-44B9-8A5E-D997EA1DA81B}.Release|Any CPU.Build.0 = Release|Any CPU
		{968D0EC5-8699-4FA1-83D6-4F56EA5623CA}.Debug|Any CPU.ActiveCfg = Debug|Any CPU
		{968D0EC5-8699-4FA1-83D6-4F56EA5623CA}.Debug|Any CPU.Build.0 = Debug|Any CPU
		{968D0EC5-8699-4FA1-83D6-4F56EA5623CA}.Release|Any CPU.ActiveCfg = Release|Any CPU
		{968D0EC5-8699-4FA1-83D6-4F56EA5623CA}.Release|Any CPU.Build.0 = Release|Any CPU
		{78EEAEA8-C2A8-4EE1-AAFE-23BFC26AC2DA}.Debug|Any CPU.ActiveCfg = Debug|Any CPU
		{78EEAEA8-C2A8-4EE1-AAFE-23BFC26AC2DA}.Debug|Any CPU.Build.0 = Debug|Any CPU
		{78EEAEA8-C2A8-4EE1-AAFE-23BFC26AC2DA}.Release|Any CPU.ActiveCfg = Release|Any CPU
		{78EEAEA8-C2A8-4EE1-AAFE-23BFC26AC2DA}.Release|Any CPU.Build.0 = Release|Any CPU
		{A4D307FC-19D4-4F53-A904-8F50108FFEEF}.Debug|Any CPU.ActiveCfg = Debug|Any CPU
		{A4D307FC-19D4-4F53-A904-8F50108FFEEF}.Debug|Any CPU.Build.0 = Debug|Any CPU
		{A4D307FC-19D4-4F53-A904-8F50108FFEEF}.Release|Any CPU.ActiveCfg = Release|Any CPU
		{A4D307FC-19D4-4F53-A904-8F50108FFEEF}.Release|Any CPU.Build.0 = Release|Any CPU
		{77F6D000-DC1A-4A96-A50F-AA7593ED3790}.Debug|Any CPU.ActiveCfg = Debug|Any CPU
		{77F6D000-DC1A-4A96-A50F-AA7593ED3790}.Debug|Any CPU.Build.0 = Debug|Any CPU
		{77F6D000-DC1A-4A96-A50F-AA7593ED3790}.Release|Any CPU.ActiveCfg = Release|Any CPU
		{77F6D000-DC1A-4A96-A50F-AA7593ED3790}.Release|Any CPU.Build.0 = Release|Any CPU
		{86C25F0D-1970-401E-89F0-FC344AE6B4C3}.Debug|Any CPU.ActiveCfg = Debug|Any CPU
		{86C25F0D-1970-401E-89F0-FC344AE6B4C3}.Debug|Any CPU.Build.0 = Debug|Any CPU
		{86C25F0D-1970-401E-89F0-FC344AE6B4C3}.Release|Any CPU.ActiveCfg = Release|Any CPU
		{86C25F0D-1970-401E-89F0-FC344AE6B4C3}.Release|Any CPU.Build.0 = Release|Any CPU
	EndGlobalSection
	GlobalSection(SolutionProperties) = preSolution
		HideSolutionNode = FALSE
	EndGlobalSection
	GlobalSection(NestedProjects) = preSolution
		{9626DB42-5EB3-441A-9A45-9081B5808347} = {B5C02C3A-0CB3-42B3-9CAA-A0C202C04BCA}
		{A7E2F55D-9440-4E63-969F-FC8BB77C1892} = {9EA7359F-94F9-4FEF-B446-835E5C9CE164}
		{5B023140-91BA-46E6-9A84-AE852CE22C0A} = {48944DFC-FAEB-4690-B7C2-5E8296F20837}
		{5C9412C9-C45C-4E91-9F00-BDF6D2CCAB74} = {48944DFC-FAEB-4690-B7C2-5E8296F20837}
		{2B28ED8F-4D58-4A63-8D7F-2DDA5F55565E} = {467329CD-2313-4F12-9671-52EF0E9C1064}
		{F3007844-CF72-4849-A249-09A6045FB72F} = {467329CD-2313-4F12-9671-52EF0E9C1064}
		{18DAC155-21B3-44B9-8A5E-D997EA1DA81B} = {9EA7359F-94F9-4FEF-B446-835E5C9CE164}
		{968D0EC5-8699-4FA1-83D6-4F56EA5623CA} = {9EA7359F-94F9-4FEF-B446-835E5C9CE164}
		{78EEAEA8-C2A8-4EE1-AAFE-23BFC26AC2DA} = {9EA7359F-94F9-4FEF-B446-835E5C9CE164}
		{A4D307FC-19D4-4F53-A904-8F50108FFEEF} = {9EA7359F-94F9-4FEF-B446-835E5C9CE164}
		{77F6D000-DC1A-4A96-A50F-AA7593ED3790} = {9EA7359F-94F9-4FEF-B446-835E5C9CE164}
		{86C25F0D-1970-401E-89F0-FC344AE6B4C3} = {9EA7359F-94F9-4FEF-B446-835E5C9CE164}
		{48944DFC-FAEB-4690-B7C2-5E8296F20837} = {B5C02C3A-0CB3-42B3-9CAA-A0C202C04BCA}
		{9EA7359F-94F9-4FEF-B446-835E5C9CE164} = {1B5FEBC3-31D7-4AD5-914B-4B13750E3AC4}
		{6C224901-1A43-4474-893C-EB8954B66A49} = {1B5FEBC3-31D7-4AD5-914B-4B13750E3AC4}
	EndGlobalSection
	GlobalSection(ExtensibilityGlobals) = postSolution
		SolutionGuid = {97ADC9D3-5C61-4DF1-ABDF-ECB32031BF1B}
	EndGlobalSection
EndGlobal
